
Microsoft Visual Studio Solution File, Format Version 12.00
# Visual Studio Version 16
VisualStudioVersion = 16.0.31729.503
MinimumVisualStudioVersion = 10.0.40219.1
Project("{FAE04EC0-301F-11D3-BF4B-00C04F79EFBC}") = "WeatherApp", "WeatherApp\WeatherApp.csproj", "{70EEEFB5-A950-43BA-964D-F961534221F5}"
EndProject
Project("{9A19103F-16F7-4668-BE54-9A1E7A4F7556}") = "Shared", "Shared\Shared.csproj", "{15CCB693-DCD1-437B-8D30-C15FD1911E61}"
EndProject
Project("{FAE04EC0-301F-11D3-BF4B-00C04F79EFBC}") = "WinFormsWeather", "WinFormsWeather\WinFormsWeather.csproj", "{02BFD314-BB85-4CCB-9B6E-EEA268ABB652}"
EndProject
Global
	GlobalSection(SolutionConfigurationPlatforms) = preSolution
		Debug|Any CPU = Debug|Any CPU
		Release|Any CPU = Release|Any CPU
	EndGlobalSection
	GlobalSection(ProjectConfigurationPlatforms) = postSolution
		{70EEEFB5-A950-43BA-964D-F961534221F5}.Debug|Any CPU.ActiveCfg = Debug|Any CPU
		{70EEEFB5-A950-43BA-964D-F961534221F5}.Debug|Any CPU.Build.0 = Debug|Any CPU
		{70EEEFB5-A950-43BA-964D-F961534221F5}.Debug|Any CPU.Deploy.0 = Debug|Any CPU
		{70EEEFB5-A950-43BA-964D-F961534221F5}.Release|Any CPU.ActiveCfg = Release|Any CPU
		{70EEEFB5-A950-43BA-964D-F961534221F5}.Release|Any CPU.Build.0 = Release|Any CPU
		{70EEEFB5-A950-43BA-964D-F961534221F5}.Release|Any CPU.Deploy.0 = Release|Any CPU
		{15CCB693-DCD1-437B-8D30-C15FD1911E61}.Debug|Any CPU.ActiveCfg = Debug|Any CPU
		{15CCB693-DCD1-437B-8D30-C15FD1911E61}.Debug|Any CPU.Build.0 = Debug|Any CPU
		{15CCB693-DCD1-437B-8D30-C15FD1911E61}.Release|Any CPU.ActiveCfg = Release|Any CPU
		{15CCB693-DCD1-437B-8D30-C15FD1911E61}.Release|Any CPU.Build.0 = Release|Any CPU
		{02BFD314-BB85-4CCB-9B6E-EEA268ABB652}.Debug|Any CPU.ActiveCfg = Debug|Any CPU
		{02BFD314-BB85-4CCB-9B6E-EEA268ABB652}.Debug|Any CPU.Build.0 = Debug|Any CPU
		{02BFD314-BB85-4CCB-9B6E-EEA268ABB652}.Release|Any CPU.ActiveCfg = Release|Any CPU
		{02BFD314-BB85-4CCB-9B6E-EEA268ABB652}.Release|Any CPU.Build.0 = Release|Any CPU
	EndGlobalSection
	GlobalSection(SolutionProperties) = preSolution
		HideSolutionNode = FALSE
	EndGlobalSection
	GlobalSection(ExtensibilityGlobals) = postSolution
		SolutionGuid = {6D1878BB-33FA-4593-A18B-B04E8162F123}
	EndGlobalSection
EndGlobal
